
Microsoft Visual Studio Solution File, Format Version 12.00
Project("{FAE04EC0-301F-11D3-BF4B-00C04F79EFBC}") = "CodeSharing.Utilities", "src\CodeSharing.Utilities\CodeSharing.Utilities.csproj", "{C3BCCA98-43ED-44DC-A1E8-60DDEF619CC3}"
EndProject
Project("{FAE04EC0-301F-11D3-BF4B-00C04F79EFBC}") = "CodeSharing.Server", "src\CodeSharing.Server\CodeSharing.Server.csproj", "{39B0F4C4-20BA-4E9B-8C92-759FD339BFE9}"
EndProject
Project("{FAE04EC0-301F-11D3-BF4B-00C04F79EFBC}") = "CodeSharing.WebPortal", "src\CodeSharing.WebPortal\CodeSharing.WebPortal.csproj", "{15B8D38D-8E45-44EB-88B2-1AF69F70DE79}"
EndProject
Project("{2150E333-8FDC-42A3-9474-1A3956D46DE8}") = "Libraries", "Libraries", "{E9A7168A-E060-4AEB-A28E-9CD3491018F0}"
EndProject
Project("{2150E333-8FDC-42A3-9474-1A3956D46DE8}") = "Common", "Common", "{C28DF93D-E519-42F1-896E-24F66A2FAA2C}"
EndProject
Project("{FAE04EC0-301F-11D3-BF4B-00C04F79EFBC}") = "CodeSharing.Core", "Libraries\Common\CodeSharing.Core\CodeSharing.Core.csproj", "{200C7871-6297-4FBC-9FE2-0FE75441AFE6}"
EndProject
Project("{2150E333-8FDC-42A3-9474-1A3956D46DE8}") = "CoreServices", "CoreServices", "{32A1EC63-DB1D-4133-8BA1-5F81048D2399}"
EndProject
Project("{FAE04EC0-301F-11D3-BF4B-00C04F79EFBC}") = "CodeSharing.Core.Services", "Libraries\CoreServices\CodeSharing.Core.Services\CodeSharing.Core.Services.csproj", "{F49DC9F7-01ED-46E5-9266-862A78EA35AD}"
EndProject
Project("{FAE04EC0-301F-11D3-BF4B-00C04F79EFBC}") = "CodeSharing.Core.Resources", "Libraries\Common\CodeSharing.Core.Resources\CodeSharing.Core.Resources.csproj", "{2783E5DC-A203-46FA-9267-B67157530024}"
EndProject
Project("{FAE04EC0-301F-11D3-BF4B-00C04F79EFBC}") = "CodeSharing.Core.Models", "Libraries\Common\CodeSharing.Core.Models\CodeSharing.Core.Models.csproj", "{C81B11AD-846A-4DAC-8E0D-F074FA2D8FEE}"
EndProject
Project("{2150E333-8FDC-42A3-9474-1A3956D46DE8}") = "WebAdmin", "WebAdmin", "{A5B1E263-73E2-4DD4-96ED-FF9A27C6A160}"
EndProject
Project("{FAE04EC0-301F-11D3-BF4B-00C04F79EFBC}") = "CodeSharing.Infrastructure.EFCore", "WebAdmin\CodeSharing.Infrastructure.EFCore\CodeSharing.Infrastructure.EFCore.csproj", "{464C6ED7-F4E6-4F3F-B003-2F38272958CB}"
EndProject
Project("{FAE04EC0-301F-11D3-BF4B-00C04F79EFBC}") = "CodeSharing.DTL", "WebAdmin\CodeSharing.DTL\CodeSharing.DTL.csproj", "{62B5B177-9E46-42EE-8E8F-1C838A906405}"
EndProject
Global
	GlobalSection(SolutionConfigurationPlatforms) = preSolution
		Debug|Any CPU = Debug|Any CPU
		Release|Any CPU = Release|Any CPU
	EndGlobalSection
	GlobalSection(ProjectConfigurationPlatforms) = postSolution
		{C3BCCA98-43ED-44DC-A1E8-60DDEF619CC3}.Debug|Any CPU.ActiveCfg = Debug|Any CPU
		{C3BCCA98-43ED-44DC-A1E8-60DDEF619CC3}.Debug|Any CPU.Build.0 = Debug|Any CPU
		{C3BCCA98-43ED-44DC-A1E8-60DDEF619CC3}.Release|Any CPU.ActiveCfg = Release|Any CPU
		{C3BCCA98-43ED-44DC-A1E8-60DDEF619CC3}.Release|Any CPU.Build.0 = Release|Any CPU
		{39B0F4C4-20BA-4E9B-8C92-759FD339BFE9}.Debug|Any CPU.ActiveCfg = Debug|Any CPU
		{39B0F4C4-20BA-4E9B-8C92-759FD339BFE9}.Debug|Any CPU.Build.0 = Debug|Any CPU
		{39B0F4C4-20BA-4E9B-8C92-759FD339BFE9}.Release|Any CPU.ActiveCfg = Release|Any CPU
		{39B0F4C4-20BA-4E9B-8C92-759FD339BFE9}.Release|Any CPU.Build.0 = Release|Any CPU
		{15B8D38D-8E45-44EB-88B2-1AF69F70DE79}.Debug|Any CPU.ActiveCfg = Debug|Any CPU
		{15B8D38D-8E45-44EB-88B2-1AF69F70DE79}.Debug|Any CPU.Build.0 = Debug|Any CPU
		{15B8D38D-8E45-44EB-88B2-1AF69F70DE79}.Release|Any CPU.ActiveCfg = Release|Any CPU
		{15B8D38D-8E45-44EB-88B2-1AF69F70DE79}.Release|Any CPU.Build.0 = Release|Any CPU
		{200C7871-6297-4FBC-9FE2-0FE75441AFE6}.Debug|Any CPU.ActiveCfg = Debug|Any CPU
		{200C7871-6297-4FBC-9FE2-0FE75441AFE6}.Debug|Any CPU.Build.0 = Debug|Any CPU
		{200C7871-6297-4FBC-9FE2-0FE75441AFE6}.Release|Any CPU.ActiveCfg = Release|Any CPU
		{200C7871-6297-4FBC-9FE2-0FE75441AFE6}.Release|Any CPU.Build.0 = Release|Any CPU
		{F49DC9F7-01ED-46E5-9266-862A78EA35AD}.Debug|Any CPU.ActiveCfg = Debug|Any CPU
		{F49DC9F7-01ED-46E5-9266-862A78EA35AD}.Debug|Any CPU.Build.0 = Debug|Any CPU
		{F49DC9F7-01ED-46E5-9266-862A78EA35AD}.Release|Any CPU.ActiveCfg = Release|Any CPU
		{F49DC9F7-01ED-46E5-9266-862A78EA35AD}.Release|Any CPU.Build.0 = Release|Any CPU
		{2783E5DC-A203-46FA-9267-B67157530024}.Debug|Any CPU.ActiveCfg = Debug|Any CPU
		{2783E5DC-A203-46FA-9267-B67157530024}.Debug|Any CPU.Build.0 = Debug|Any CPU
		{2783E5DC-A203-46FA-9267-B67157530024}.Release|Any CPU.ActiveCfg = Release|Any CPU
		{2783E5DC-A203-46FA-9267-B67157530024}.Release|Any CPU.Build.0 = Release|Any CPU
		{C81B11AD-846A-4DAC-8E0D-F074FA2D8FEE}.Debug|Any CPU.ActiveCfg = Debug|Any CPU
		{C81B11AD-846A-4DAC-8E0D-F074FA2D8FEE}.Debug|Any CPU.Build.0 = Debug|Any CPU
		{C81B11AD-846A-4DAC-8E0D-F074FA2D8FEE}.Release|Any CPU.ActiveCfg = Release|Any CPU
		{C81B11AD-846A-4DAC-8E0D-F074FA2D8FEE}.Release|Any CPU.Build.0 = Release|Any CPU
		{464C6ED7-F4E6-4F3F-B003-2F38272958CB}.Debug|Any CPU.ActiveCfg = Debug|Any CPU
		{464C6ED7-F4E6-4F3F-B003-2F38272958CB}.Debug|Any CPU.Build.0 = Debug|Any CPU
		{464C6ED7-F4E6-4F3F-B003-2F38272958CB}.Release|Any CPU.ActiveCfg = Release|Any CPU
		{464C6ED7-F4E6-4F3F-B003-2F38272958CB}.Release|Any CPU.Build.0 = Release|Any CPU
		{62B5B177-9E46-42EE-8E8F-1C838A906405}.Debug|Any CPU.ActiveCfg = Debug|Any CPU
		{62B5B177-9E46-42EE-8E8F-1C838A906405}.Debug|Any CPU.Build.0 = Debug|Any CPU
		{62B5B177-9E46-42EE-8E8F-1C838A906405}.Release|Any CPU.ActiveCfg = Release|Any CPU
		{62B5B177-9E46-42EE-8E8F-1C838A906405}.Release|Any CPU.Build.0 = Release|Any CPU
	EndGlobalSection
	GlobalSection(NestedProjects) = preSolution
		{C28DF93D-E519-42F1-896E-24F66A2FAA2C} = {E9A7168A-E060-4AEB-A28E-9CD3491018F0}
		{200C7871-6297-4FBC-9FE2-0FE75441AFE6} = {C28DF93D-E519-42F1-896E-24F66A2FAA2C}
		{32A1EC63-DB1D-4133-8BA1-5F81048D2399} = {E9A7168A-E060-4AEB-A28E-9CD3491018F0}
		{F49DC9F7-01ED-46E5-9266-862A78EA35AD} = {32A1EC63-DB1D-4133-8BA1-5F81048D2399}
		{2783E5DC-A203-46FA-9267-B67157530024} = {C28DF93D-E519-42F1-896E-24F66A2FAA2C}
		{C81B11AD-846A-4DAC-8E0D-F074FA2D8FEE} = {C28DF93D-E519-42F1-896E-24F66A2FAA2C}
		{464C6ED7-F4E6-4F3F-B003-2F38272958CB} = {A5B1E263-73E2-4DD4-96ED-FF9A27C6A160}
		{62B5B177-9E46-42EE-8E8F-1C838A906405} = {A5B1E263-73E2-4DD4-96ED-FF9A27C6A160}
	EndGlobalSection
EndGlobal
